
Microsoft Visual Studio Solution File, Format Version 12.00
# Visual Studio Version 17
VisualStudioVersion = 17.0.31912.275
MinimumVisualStudioVersion = 10.0.40219.1
Project("{9A19103F-16F7-4668-BE54-9A1E7A4F7556}") = "RabbitMq", "RabbitMq\RabbitMq.csproj", "{3F01A7BC-2155-4EDD-85DD-FF25D4CBCC3D}"
EndProject
Global
	GlobalSection(SolutionConfigurationPlatforms) = preSolution
		Debug|Any CPU = Debug|Any CPU
		Release|Any CPU = Release|Any CPU
	EndGlobalSection
	GlobalSection(ProjectConfigurationPlatforms) = postSolution
		{3F01A7BC-2155-4EDD-85DD-FF25D4CBCC3D}.Debug|Any CPU.ActiveCfg = Debug|Any CPU
		{3F01A7BC-2155-4EDD-85DD-FF25D4CBCC3D}.Debug|Any CPU.Build.0 = Debug|Any CPU
		{3F01A7BC-2155-4EDD-85DD-FF25D4CBCC3D}.Release|Any CPU.ActiveCfg = Release|Any CPU
		{3F01A7BC-2155-4EDD-85DD-FF25D4CBCC3D}.Release|Any CPU.Build.0 = Release|Any CPU
	EndGlobalSection
	GlobalSection(SolutionProperties) = preSolution
		HideSolutionNode = FALSE
	EndGlobalSection
	GlobalSection(ExtensibilityGlobals) = postSolution
		SolutionGuid = {11F91845-4BD2-43AD-BDAF-6B17DB42F7D3}
	EndGlobalSection
EndGlobal
